
Microsoft Visual Studio Solution File, Format Version 12.00
# Visual Studio Version 16
VisualStudioVersion = 16.0.28729.10
MinimumVisualStudioVersion = 10.0.40219.1
Project("{9A19103F-16F7-4668-BE54-9A1E7A4F7556}") = "FactOff", "FactOff\FactOff.csproj", "{EE43D080-8CB9-4063-AEDB-1B383E203E58}"
EndProject
Project("{9A19103F-16F7-4668-BE54-9A1E7A4F7556}") = "FactsServiceTests", "NUnitTestProject1\FactsServiceTests.csproj", "{A6A8E105-65DB-4C20-88BA-C83521122615}"
EndProject
Project("{9A19103F-16F7-4668-BE54-9A1E7A4F7556}") = "TagsServiceTests", "TagsServiceTests\TagsServiceTests.csproj", "{45239A20-A549-458A-9505-CFDF2C36BBDD}"
EndProject
Project("{9A19103F-16F7-4668-BE54-9A1E7A4F7556}") = "ThemesServiceTests", "ThemesServiceTests\ThemesServiceTests.csproj", "{35F47EDE-8ABA-4502-8352-06FB38E1C2AE}"
EndProject
Global
	GlobalSection(SolutionConfigurationPlatforms) = preSolution
		Debug|Any CPU = Debug|Any CPU
		Release|Any CPU = Release|Any CPU
	EndGlobalSection
	GlobalSection(ProjectConfigurationPlatforms) = postSolution
		{EE43D080-8CB9-4063-AEDB-1B383E203E58}.Debug|Any CPU.ActiveCfg = Debug|Any CPU
		{EE43D080-8CB9-4063-AEDB-1B383E203E58}.Debug|Any CPU.Build.0 = Debug|Any CPU
		{EE43D080-8CB9-4063-AEDB-1B383E203E58}.Release|Any CPU.ActiveCfg = Release|Any CPU
		{EE43D080-8CB9-4063-AEDB-1B383E203E58}.Release|Any CPU.Build.0 = Release|Any CPU
		{A6A8E105-65DB-4C20-88BA-C83521122615}.Debug|Any CPU.ActiveCfg = Debug|Any CPU
		{A6A8E105-65DB-4C20-88BA-C83521122615}.Release|Any CPU.ActiveCfg = Release|Any CPU
		{A6A8E105-65DB-4C20-88BA-C83521122615}.Release|Any CPU.Build.0 = Release|Any CPU
		{45239A20-A549-458A-9505-CFDF2C36BBDD}.Debug|Any CPU.ActiveCfg = Debug|Any CPU
		{45239A20-A549-458A-9505-CFDF2C36BBDD}.Debug|Any CPU.Build.0 = Debug|Any CPU
		{45239A20-A549-458A-9505-CFDF2C36BBDD}.Release|Any CPU.ActiveCfg = Release|Any CPU
		{45239A20-A549-458A-9505-CFDF2C36BBDD}.Release|Any CPU.Build.0 = Release|Any CPU
		{35F47EDE-8ABA-4502-8352-06FB38E1C2AE}.Debug|Any CPU.ActiveCfg = Debug|Any CPU
		{35F47EDE-8ABA-4502-8352-06FB38E1C2AE}.Debug|Any CPU.Build.0 = Debug|Any CPU
		{35F47EDE-8ABA-4502-8352-06FB38E1C2AE}.Release|Any CPU.ActiveCfg = Release|Any CPU
		{35F47EDE-8ABA-4502-8352-06FB38E1C2AE}.Release|Any CPU.Build.0 = Release|Any CPU
	EndGlobalSection
	GlobalSection(SolutionProperties) = preSolution
		HideSolutionNode = FALSE
	EndGlobalSection
	GlobalSection(ExtensibilityGlobals) = postSolution
		SolutionGuid = {DB94760A-E0FC-4BD6-A4D9-12099B240488}
	EndGlobalSection
EndGlobal
