
Microsoft Visual Studio Solution File, Format Version 12.00
# Visual Studio 15
VisualStudioVersion = 15.0.28307.489
MinimumVisualStudioVersion = 10.0.40219.1
Project("{FAE04EC0-301F-11D3-BF4B-00C04F79EFBC}") = "FactOff", "FactOff\FactOff.csproj", "{EE43D080-8CB9-4063-AEDB-1B383E203E58}"
EndProject
Global
	GlobalSection(SolutionConfigurationPlatforms) = preSolution
		Debug|Any CPU = Debug|Any CPU
		Release|Any CPU = Release|Any CPU
	EndGlobalSection
	GlobalSection(ProjectConfigurationPlatforms) = postSolution
		{EE43D080-8CB9-4063-AEDB-1B383E203E58}.Debug|Any CPU.ActiveCfg = Debug|Any CPU
		{EE43D080-8CB9-4063-AEDB-1B383E203E58}.Debug|Any CPU.Build.0 = Debug|Any CPU
		{EE43D080-8CB9-4063-AEDB-1B383E203E58}.Release|Any CPU.ActiveCfg = Release|Any CPU
		{EE43D080-8CB9-4063-AEDB-1B383E203E58}.Release|Any CPU.Build.0 = Release|Any CPU
	EndGlobalSection
	GlobalSection(SolutionProperties) = preSolution
		HideSolutionNode = FALSE
	EndGlobalSection
	GlobalSection(ExtensibilityGlobals) = postSolution
		SolutionGuid = {DB94760A-E0FC-4BD6-A4D9-12099B240488}
	EndGlobalSection
EndGlobal
